
Microsoft Visual Studio Solution File, Format Version 12.00
# Visual Studio Version 17
VisualStudioVersion = 17.8.34511.84
MinimumVisualStudioVersion = 10.0.40219.1
Project("{FAE04EC0-301F-11D3-BF4B-00C04F79EFBC}") = "CLASS_U,V", "CLASS_U,V.csproj", "{40B46763-4EEB-4505-A8EF-07F1229011CE}"
EndProject
Global
	GlobalSection(SolutionConfigurationPlatforms) = preSolution
		Debug|Any CPU = Debug|Any CPU
		Release|Any CPU = Release|Any CPU
	EndGlobalSection
	GlobalSection(ProjectConfigurationPlatforms) = postSolution
		{40B46763-4EEB-4505-A8EF-07F1229011CE}.Debug|Any CPU.ActiveCfg = Debug|Any CPU
		{40B46763-4EEB-4505-A8EF-07F1229011CE}.Debug|Any CPU.Build.0 = Debug|Any CPU
		{40B46763-4EEB-4505-A8EF-07F1229011CE}.Release|Any CPU.ActiveCfg = Release|Any CPU
		{40B46763-4EEB-4505-A8EF-07F1229011CE}.Release|Any CPU.Build.0 = Release|Any CPU
	EndGlobalSection
	GlobalSection(SolutionProperties) = preSolution
		HideSolutionNode = FALSE
	EndGlobalSection
	GlobalSection(ExtensibilityGlobals) = postSolution
		SolutionGuid = {C7D712CD-C627-4855-88A2-1E6FB3FF0CA6}
	EndGlobalSection
EndGlobal
