
Microsoft Visual Studio Solution File, Format Version 12.00
# Visual Studio Version 17
VisualStudioVersion = 17.5.002.0
MinimumVisualStudioVersion = 10.0.40219.1
Project("{9A19103F-16F7-4668-BE54-9A1E7A4F7556}") = "Busqueda_T", "Busqueda_T.csproj", "{39CA54C1-BF47-404E-A2CE-D8593839BC42}"
EndProject
Global
	GlobalSection(SolutionConfigurationPlatforms) = preSolution
		Debug|Any CPU = Debug|Any CPU
		Release|Any CPU = Release|Any CPU
	EndGlobalSection
	GlobalSection(ProjectConfigurationPlatforms) = postSolution
		{39CA54C1-BF47-404E-A2CE-D8593839BC42}.Debug|Any CPU.ActiveCfg = Debug|Any CPU
		{39CA54C1-BF47-404E-A2CE-D8593839BC42}.Debug|Any CPU.Build.0 = Debug|Any CPU
		{39CA54C1-BF47-404E-A2CE-D8593839BC42}.Release|Any CPU.ActiveCfg = Release|Any CPU
		{39CA54C1-BF47-404E-A2CE-D8593839BC42}.Release|Any CPU.Build.0 = Release|Any CPU
	EndGlobalSection
	GlobalSection(SolutionProperties) = preSolution
		HideSolutionNode = FALSE
	EndGlobalSection
	GlobalSection(ExtensibilityGlobals) = postSolution
		SolutionGuid = {62AEF899-02C9-44C4-B715-BE2B6F0A5D0E}
	EndGlobalSection
EndGlobal
